
Microsoft Visual Studio Solution File, Format Version 12.00
# Visual Studio Version 16
VisualStudioVersion = 16.0.30413.136
MinimumVisualStudioVersion = 10.0.40219.1
Project("{FAE04EC0-301F-11D3-BF4B-00C04F79EFBC}") = "BatteryOverlay", "BatteryOverlay\BatteryOverlay.csproj", "{0ADC6C29-5813-4DCC-AB2D-99B50E948847}"
EndProject
Global
	GlobalSection(SolutionConfigurationPlatforms) = preSolution
		Debug|Any CPU = Debug|Any CPU
		Release|Any CPU = Release|Any CPU
	EndGlobalSection
	GlobalSection(ProjectConfigurationPlatforms) = postSolution
		{0ADC6C29-5813-4DCC-AB2D-99B50E948847}.Debug|Any CPU.ActiveCfg = Debug|Any CPU
		{0ADC6C29-5813-4DCC-AB2D-99B50E948847}.Debug|Any CPU.Build.0 = Debug|Any CPU
		{0ADC6C29-5813-4DCC-AB2D-99B50E948847}.Release|Any CPU.ActiveCfg = Release|Any CPU
		{0ADC6C29-5813-4DCC-AB2D-99B50E948847}.Release|Any CPU.Build.0 = Release|Any CPU
	EndGlobalSection
	GlobalSection(SolutionProperties) = preSolution
		HideSolutionNode = FALSE
	EndGlobalSection
	GlobalSection(ExtensibilityGlobals) = postSolution
		SolutionGuid = {B5FCA520-D23F-4707-8286-7CCF15D15F87}
	EndGlobalSection
EndGlobal
